
Microsoft Visual Studio Solution File, Format Version 12.00
# Visual Studio Version 16
VisualStudioVersion = 25.0.1705.3
MinimumVisualStudioVersion = 10.0.40219.1
Project("{FAE04EC0-301F-11D3-BF4B-00C04F79EFBC}") = "TP_03_06", "TP_03_06\TP_03_06.csproj", "{CF2E950B-308D-4F6D-B3E6-A5C6C05C0341}"
EndProject
Global
	GlobalSection(SolutionConfigurationPlatforms) = preSolution
		Debug|Any CPU = Debug|Any CPU
		Release|Any CPU = Release|Any CPU
	EndGlobalSection
	GlobalSection(ProjectConfigurationPlatforms) = postSolution
		{CF2E950B-308D-4F6D-B3E6-A5C6C05C0341}.Debug|Any CPU.ActiveCfg = Debug|Any CPU
		{CF2E950B-308D-4F6D-B3E6-A5C6C05C0341}.Debug|Any CPU.Build.0 = Debug|Any CPU
		{CF2E950B-308D-4F6D-B3E6-A5C6C05C0341}.Release|Any CPU.ActiveCfg = Release|Any CPU
		{CF2E950B-308D-4F6D-B3E6-A5C6C05C0341}.Release|Any CPU.Build.0 = Release|Any CPU
	EndGlobalSection
	GlobalSection(SolutionProperties) = preSolution
		HideSolutionNode = FALSE
	EndGlobalSection
	GlobalSection(ExtensibilityGlobals) = postSolution
		SolutionGuid = {FE32C4C6-2E53-413D-9CA4-0E9A5B981BA6}
	EndGlobalSection
EndGlobal
